
Microsoft Visual Studio Solution File, Format Version 12.00
# Visual Studio Version 17
VisualStudioVersion = 17.9.34728.123
MinimumVisualStudioVersion = 10.0.40219.1
Project("{FAE04EC0-301F-11D3-BF4B-00C04F79EFBC}") = "InstallerCreator", "InstallerCreator.csproj", "{66E6852C-9C2C-4575-91FC-74DAE22748B8}"
EndProject
Global
	GlobalSection(SolutionConfigurationPlatforms) = preSolution
		Debug|Any CPU = Debug|Any CPU
		Release|Any CPU = Release|Any CPU
	EndGlobalSection
	GlobalSection(ProjectConfigurationPlatforms) = postSolution
		{66E6852C-9C2C-4575-91FC-74DAE22748B8}.Debug|Any CPU.ActiveCfg = Debug|Any CPU
		{66E6852C-9C2C-4575-91FC-74DAE22748B8}.Debug|Any CPU.Build.0 = Debug|Any CPU
		{66E6852C-9C2C-4575-91FC-74DAE22748B8}.Release|Any CPU.ActiveCfg = Release|Any CPU
		{66E6852C-9C2C-4575-91FC-74DAE22748B8}.Release|Any CPU.Build.0 = Release|Any CPU
	EndGlobalSection
	GlobalSection(SolutionProperties) = preSolution
		HideSolutionNode = FALSE
	EndGlobalSection
	GlobalSection(ExtensibilityGlobals) = postSolution
		SolutionGuid = {4BD03EF3-2880-4DEC-A48E-0872C3E422B7}
	EndGlobalSection
EndGlobal
